# THIS IS AN AUTOGENERATED FILE. DO NOT EDIT THIS FILE DIRECTLY.
# yarn lockfile v1


"@ckeditor/ckeditor5-build-classic@^11.2.0":
  version "11.2.0"
  resolved "https://registry.yarnpkg.com/@ckeditor/ckeditor5-build-classic/-/ckeditor5-build-classic-11.2.0.tgz#205ae1bd5495b2a7c9f5a4fef5241aca4118229a"
  integrity sha512-wpJf9C8wtnskaFF82BH17AxKITPgXgmlm4ro6QzCd2vYSCSReLkAVL3+OBuSocgxfePAqnrAO6yWjQrYtg8whw==
